
Microsoft Visual Studio Solution File, Format Version 12.00
# Visual Studio Version 16
VisualStudioVersion = 16.0.33130.400
MinimumVisualStudioVersion = 10.0.40219.1
Project("{FAE04EC0-301F-11D3-BF4B-00C04F79EFBC}") = "AESNotes", "AESNotes.csproj", "{8B64FA14-FB2B-4A3A-9F69-E309036F4928}"
EndProject
Global
	GlobalSection(SolutionConfigurationPlatforms) = preSolution
		Debug|Any CPU = Debug|Any CPU
		Release|Any CPU = Release|Any CPU
	EndGlobalSection
	GlobalSection(ProjectConfigurationPlatforms) = postSolution
		{8B64FA14-FB2B-4A3A-9F69-E309036F4928}.Debug|Any CPU.ActiveCfg = Debug|Any CPU
		{8B64FA14-FB2B-4A3A-9F69-E309036F4928}.Debug|Any CPU.Build.0 = Debug|Any CPU
		{8B64FA14-FB2B-4A3A-9F69-E309036F4928}.Release|Any CPU.ActiveCfg = Release|Any CPU
		{8B64FA14-FB2B-4A3A-9F69-E309036F4928}.Release|Any CPU.Build.0 = Release|Any CPU
	EndGlobalSection
	GlobalSection(SolutionProperties) = preSolution
		HideSolutionNode = FALSE
	EndGlobalSection
	GlobalSection(ExtensibilityGlobals) = postSolution
		SolutionGuid = {92099312-C48A-4879-AC81-6826A8E92796}
	EndGlobalSection
EndGlobal
